
Microsoft Visual Studio Solution File, Format Version 12.00
# Visual Studio Version 18
VisualStudioVersion = 18.3.11527.330
MinimumVisualStudioVersion = 10.0.40219.1
Project("{8BC9CEB8-8B4A-11D0-8D11-00A0C91BC942}") = "Engine", "Engine\Engine_2010.vcxproj", "{DD15FF96-8D27-9047-07DC-824EEE7AFE9E}"
EndProject
Project("{8BC9CEB8-8B4A-11D0-8D11-00A0C91BC942}") = "EntitiesMP", "EntitiesMP\EntitiesMP_2010.vcxproj", "{01D03A68-14A6-577D-AE0F-D54B567857C5}"
	ProjectSection(ProjectDependencies) = postProject
		{DD15FF96-8D27-9047-07DC-824EEE7AFE9E} = {DD15FF96-8D27-9047-07DC-824EEE7AFE9E}
	EndProjectSection
EndProject
Project("{8BC9CEB8-8B4A-11D0-8D11-00A0C91BC942}") = "GameMP", "GameMP\GameMP_2010.vcxproj", "{A68AEE0D-7EBD-B26A-0448-EE33D3A2CB17}"
	ProjectSection(ProjectDependencies) = postProject
		{01D03A68-14A6-577D-AE0F-D54B567857C5} = {01D03A68-14A6-577D-AE0F-D54B567857C5}
		{DD15FF96-8D27-9047-07DC-824EEE7AFE9E} = {DD15FF96-8D27-9047-07DC-824EEE7AFE9E}
	EndProjectSection
EndProject
Project("{8BC9CEB8-8B4A-11D0-8D11-00A0C91BC942}") = "Nksp", "Nksp\Nksp_2010.vcxproj", "{700FB23F-E318-3178-1841-B21D44877619}"
	ProjectSection(ProjectDependencies) = postProject
		{A68AEE0D-7EBD-B26A-0448-EE33D3A2CB17} = {A68AEE0D-7EBD-B26A-0448-EE33D3A2CB17}
		{DD15FF96-8D27-9047-07DC-824EEE7AFE9E} = {DD15FF96-8D27-9047-07DC-824EEE7AFE9E}
		{D42BFFDE-1521-EC17-8741-96F54EEED515} = {D42BFFDE-1521-EC17-8741-96F54EEED515}
		{01D03A68-14A6-577D-AE0F-D54B567857C5} = {01D03A68-14A6-577D-AE0F-D54B567857C5}
	EndProjectSection
EndProject
Project("{8BC9CEB8-8B4A-11D0-8D11-00A0C91BC942}") = "Shaders", "Shaders\Shaders_2010.vcxproj", "{D42BFFDE-1521-EC17-8741-96F54EEED515}"
	ProjectSection(ProjectDependencies) = postProject
		{DD15FF96-8D27-9047-07DC-824EEE7AFE9E} = {DD15FF96-8D27-9047-07DC-824EEE7AFE9E}
	EndProjectSection
EndProject
Project("{8BC9CEB8-8B4A-11D0-8D11-00A0C91BC942}") = "Common", "Common\Common.vcxproj", "{A3109CCC-B83D-4D6C-A214-03C10084F276}"
EndProject
Project("{8BC9CEB8-8B4A-11D0-8D11-00A0C91BC942}") = "EngineGUI", "EngineGUI\EngineGUI_2010.vcxproj", "{109B294D-FCEE-D567-E5AD-12258321E443}"
EndProject
Project("{8BC9CEB8-8B4A-11D0-8D11-00A0C91BC942}") = "GameGUIMP", "GameGUIMP\GameGUIMP_2010.vcxproj", "{3F5BB9C1-BC8C-F31D-DCAB-09CF0D91E7E3}"
EndProject
Project("{8BC9CEB8-8B4A-11D0-8D11-00A0C91BC942}") = "UITool", "UITool\UITool.vcxproj", "{AD1D3CAB-30BD-4A24-888B-C53CCB7DAAC3}"
EndProject
Global
	GlobalSection(SolutionConfigurationPlatforms) = preSolution
		BRZLIVE|Win32 = BRZLIVE|Win32
		BRZLIVE|x64 = BRZLIVE|x64
		Debug|Win32 = Debug|Win32
		Debug|x64 = Debug|x64
		DebugKalydo|Win32 = DebugKalydo|Win32
		DebugKalydo|x64 = DebugKalydo|x64
		DEVTEST|Win32 = DEVTEST|Win32
		DEVTEST|x64 = DEVTEST|x64
		GERLIVE|Win32 = GERLIVE|Win32
		GERLIVE|x64 = GERLIVE|x64
		GERLIVEKalydo|Win32 = GERLIVEKalydo|Win32
		GERLIVEKalydo|x64 = GERLIVEKalydo|x64
		KORTEST|Win32 = KORTEST|Win32
		KORTEST|x64 = KORTEST|x64
		MAXLIVE|Win32 = MAXLIVE|Win32
		MAXLIVE|x64 = MAXLIVE|x64
		ReleaseKalydo|Win32 = ReleaseKalydo|Win32
		ReleaseKalydo|x64 = ReleaseKalydo|x64
		RUSLIVE|Win32 = RUSLIVE|Win32
		RUSLIVE|x64 = RUSLIVE|x64
		Template|Win32 = Template|Win32
		Template|x64 = Template|x64
		THAILIVE|Win32 = THAILIVE|Win32
		THAILIVE|x64 = THAILIVE|x64
		UI TOOL|Win32 = UI TOOL|Win32
		UI TOOL|x64 = UI TOOL|x64
		USALIVE|Win32 = USALIVE|Win32
		USALIVE|x64 = USALIVE|x64
		WORLDEDITOR|Win32 = WORLDEDITOR|Win32
		WORLDEDITOR|x64 = WORLDEDITOR|x64
	EndGlobalSection
	GlobalSection(ProjectConfigurationPlatforms) = postSolution
		{DD15FF96-8D27-9047-07DC-824EEE7AFE9E}.BRZLIVE|Win32.ActiveCfg = BRZLIVE|Win32
		{DD15FF96-8D27-9047-07DC-824EEE7AFE9E}.BRZLIVE|Win32.Build.0 = BRZLIVE|Win32
		{DD15FF96-8D27-9047-07DC-824EEE7AFE9E}.BRZLIVE|x64.ActiveCfg = BRZLIVE|x64
		{DD15FF96-8D27-9047-07DC-824EEE7AFE9E}.BRZLIVE|x64.Build.0 = BRZLIVE|x64
		{DD15FF96-8D27-9047-07DC-824EEE7AFE9E}.Debug|Win32.ActiveCfg = Debug|Win32
		{DD15FF96-8D27-9047-07DC-824EEE7AFE9E}.Debug|Win32.Build.0 = Debug|Win32
		{DD15FF96-8D27-9047-07DC-824EEE7AFE9E}.Debug|x64.ActiveCfg = Debug|x64
		{DD15FF96-8D27-9047-07DC-824EEE7AFE9E}.Debug|x64.Build.0 = Debug|x64
		{DD15FF96-8D27-9047-07DC-824EEE7AFE9E}.DebugKalydo|Win32.ActiveCfg = DebugKalydo|Win32
		{DD15FF96-8D27-9047-07DC-824EEE7AFE9E}.DebugKalydo|x64.ActiveCfg = DebugKalydo|x64
		{DD15FF96-8D27-9047-07DC-824EEE7AFE9E}.DebugKalydo|x64.Build.0 = DebugKalydo|x64
		{DD15FF96-8D27-9047-07DC-824EEE7AFE9E}.DEVTEST|Win32.ActiveCfg = DEVTEST|Win32
		{DD15FF96-8D27-9047-07DC-824EEE7AFE9E}.DEVTEST|Win32.Build.0 = DEVTEST|Win32
		{DD15FF96-8D27-9047-07DC-824EEE7AFE9E}.DEVTEST|x64.ActiveCfg = DEVTEST|x64
		{DD15FF96-8D27-9047-07DC-824EEE7AFE9E}.DEVTEST|x64.Build.0 = DEVTEST|x64
		{DD15FF96-8D27-9047-07DC-824EEE7AFE9E}.GERLIVE|Win32.ActiveCfg = GERLIVE|Win32
		{DD15FF96-8D27-9047-07DC-824EEE7AFE9E}.GERLIVE|Win32.Build.0 = GERLIVE|Win32
		{DD15FF96-8D27-9047-07DC-824EEE7AFE9E}.GERLIVE|x64.ActiveCfg = GERLIVE|x64
		{DD15FF96-8D27-9047-07DC-824EEE7AFE9E}.GERLIVE|x64.Build.0 = GERLIVE|x64
		{DD15FF96-8D27-9047-07DC-824EEE7AFE9E}.GERLIVEKalydo|Win32.ActiveCfg = GERLIVEKalydo|Win32
		{DD15FF96-8D27-9047-07DC-824EEE7AFE9E}.GERLIVEKalydo|Win32.Build.0 = GERLIVEKalydo|Win32
		{DD15FF96-8D27-9047-07DC-824EEE7AFE9E}.GERLIVEKalydo|x64.ActiveCfg = GERLIVEKalydo|x64
		{DD15FF96-8D27-9047-07DC-824EEE7AFE9E}.GERLIVEKalydo|x64.Build.0 = GERLIVEKalydo|x64
		{DD15FF96-8D27-9047-07DC-824EEE7AFE9E}.KORTEST|Win32.ActiveCfg = KORTEST|Win32
		{DD15FF96-8D27-9047-07DC-824EEE7AFE9E}.KORTEST|Win32.Build.0 = KORTEST|Win32
		{DD15FF96-8D27-9047-07DC-824EEE7AFE9E}.KORTEST|x64.ActiveCfg = KORTEST|x64
		{DD15FF96-8D27-9047-07DC-824EEE7AFE9E}.KORTEST|x64.Build.0 = KORTEST|x64
		{DD15FF96-8D27-9047-07DC-824EEE7AFE9E}.MAXLIVE|Win32.ActiveCfg = MAXLIVE|Win32
		{DD15FF96-8D27-9047-07DC-824EEE7AFE9E}.MAXLIVE|Win32.Build.0 = MAXLIVE|Win32
		{DD15FF96-8D27-9047-07DC-824EEE7AFE9E}.MAXLIVE|x64.ActiveCfg = MAXLIVE|x64
		{DD15FF96-8D27-9047-07DC-824EEE7AFE9E}.MAXLIVE|x64.Build.0 = MAXLIVE|x64
		{DD15FF96-8D27-9047-07DC-824EEE7AFE9E}.ReleaseKalydo|Win32.ActiveCfg = ReleaseKalydo|Win32
		{DD15FF96-8D27-9047-07DC-824EEE7AFE9E}.ReleaseKalydo|x64.ActiveCfg = ReleaseKalydo|x64
		{DD15FF96-8D27-9047-07DC-824EEE7AFE9E}.ReleaseKalydo|x64.Build.0 = ReleaseKalydo|x64
		{DD15FF96-8D27-9047-07DC-824EEE7AFE9E}.RUSLIVE|Win32.ActiveCfg = RUSLIVE|Win32
		{DD15FF96-8D27-9047-07DC-824EEE7AFE9E}.RUSLIVE|Win32.Build.0 = RUSLIVE|Win32
		{DD15FF96-8D27-9047-07DC-824EEE7AFE9E}.RUSLIVE|x64.ActiveCfg = RUSLIVE|x64
		{DD15FF96-8D27-9047-07DC-824EEE7AFE9E}.RUSLIVE|x64.Build.0 = RUSLIVE|x64
		{DD15FF96-8D27-9047-07DC-824EEE7AFE9E}.Template|Win32.ActiveCfg = Template|Win32
		{DD15FF96-8D27-9047-07DC-824EEE7AFE9E}.Template|x64.ActiveCfg = Template|x64
		{DD15FF96-8D27-9047-07DC-824EEE7AFE9E}.Template|x64.Build.0 = Template|x64
		{DD15FF96-8D27-9047-07DC-824EEE7AFE9E}.THAILIVE|Win32.ActiveCfg = THAILIVE|Win32
		{DD15FF96-8D27-9047-07DC-824EEE7AFE9E}.THAILIVE|Win32.Build.0 = THAILIVE|Win32
		{DD15FF96-8D27-9047-07DC-824EEE7AFE9E}.THAILIVE|x64.ActiveCfg = THAILIVE|x64
		{DD15FF96-8D27-9047-07DC-824EEE7AFE9E}.THAILIVE|x64.Build.0 = THAILIVE|x64
		{DD15FF96-8D27-9047-07DC-824EEE7AFE9E}.UI TOOL|Win32.ActiveCfg = UI TOOL|Win32
		{DD15FF96-8D27-9047-07DC-824EEE7AFE9E}.UI TOOL|Win32.Build.0 = UI TOOL|Win32
		{DD15FF96-8D27-9047-07DC-824EEE7AFE9E}.UI TOOL|x64.ActiveCfg = Release_UITool|x64
		{DD15FF96-8D27-9047-07DC-824EEE7AFE9E}.UI TOOL|x64.Build.0 = Release_UITool|x64
		{DD15FF96-8D27-9047-07DC-824EEE7AFE9E}.USALIVE|Win32.ActiveCfg = USALIVE|Win32
		{DD15FF96-8D27-9047-07DC-824EEE7AFE9E}.USALIVE|Win32.Build.0 = USALIVE|Win32
		{DD15FF96-8D27-9047-07DC-824EEE7AFE9E}.USALIVE|x64.ActiveCfg = USALIVE|x64
		{DD15FF96-8D27-9047-07DC-824EEE7AFE9E}.USALIVE|x64.Build.0 = USALIVE|x64
		{DD15FF96-8D27-9047-07DC-824EEE7AFE9E}.WORLDEDITOR|Win32.ActiveCfg = WORLDEDITOR|Win32
		{DD15FF96-8D27-9047-07DC-824EEE7AFE9E}.WORLDEDITOR|Win32.Build.0 = WORLDEDITOR|Win32
		{DD15FF96-8D27-9047-07DC-824EEE7AFE9E}.WORLDEDITOR|x64.ActiveCfg = WORLDEDITOR|x64
		{DD15FF96-8D27-9047-07DC-824EEE7AFE9E}.WORLDEDITOR|x64.Build.0 = WORLDEDITOR|x64
		{01D03A68-14A6-577D-AE0F-D54B567857C5}.BRZLIVE|Win32.ActiveCfg = BRZLIVE|Win32
		{01D03A68-14A6-577D-AE0F-D54B567857C5}.BRZLIVE|Win32.Build.0 = BRZLIVE|Win32
		{01D03A68-14A6-577D-AE0F-D54B567857C5}.BRZLIVE|x64.ActiveCfg = BRZLIVE|x64
		{01D03A68-14A6-577D-AE0F-D54B567857C5}.BRZLIVE|x64.Build.0 = BRZLIVE|x64
		{01D03A68-14A6-577D-AE0F-D54B567857C5}.Debug|Win32.ActiveCfg = Debug|Win32
		{01D03A68-14A6-577D-AE0F-D54B567857C5}.Debug|Win32.Build.0 = Debug|Win32
		{01D03A68-14A6-577D-AE0F-D54B567857C5}.Debug|x64.ActiveCfg = Debug|x64
		{01D03A68-14A6-577D-AE0F-D54B567857C5}.Debug|x64.Build.0 = Debug|x64
		{01D03A68-14A6-577D-AE0F-D54B567857C5}.DebugKalydo|Win32.ActiveCfg = DebugKalydo|Win32
		{01D03A68-14A6-577D-AE0F-D54B567857C5}.DebugKalydo|x64.ActiveCfg = DebugKalydo|x64
		{01D03A68-14A6-577D-AE0F-D54B567857C5}.DebugKalydo|x64.Build.0 = DebugKalydo|x64
		{01D03A68-14A6-577D-AE0F-D54B567857C5}.DEVTEST|Win32.ActiveCfg = DEVTEST|Win32
		{01D03A68-14A6-577D-AE0F-D54B567857C5}.DEVTEST|Win32.Build.0 = DEVTEST|Win32
		{01D03A68-14A6-577D-AE0F-D54B567857C5}.DEVTEST|x64.ActiveCfg = DEVTEST|x64
		{01D03A68-14A6-577D-AE0F-D54B567857C5}.DEVTEST|x64.Build.0 = DEVTEST|x64
		{01D03A68-14A6-577D-AE0F-D54B567857C5}.GERLIVE|Win32.ActiveCfg = GERLIVE|Win32
		{01D03A68-14A6-577D-AE0F-D54B567857C5}.GERLIVE|Win32.Build.0 = GERLIVE|Win32
		{01D03A68-14A6-577D-AE0F-D54B567857C5}.GERLIVE|x64.ActiveCfg = GERLIVE|x64
		{01D03A68-14A6-577D-AE0F-D54B567857C5}.GERLIVE|x64.Build.0 = GERLIVE|x64
		{01D03A68-14A6-577D-AE0F-D54B567857C5}.GERLIVEKalydo|Win32.ActiveCfg = GERLIVEKalydo|Win32
		{01D03A68-14A6-577D-AE0F-D54B567857C5}.GERLIVEKalydo|Win32.Build.0 = GERLIVEKalydo|Win32
		{01D03A68-14A6-577D-AE0F-D54B567857C5}.GERLIVEKalydo|x64.ActiveCfg = GERLIVEKalydo|x64
		{01D03A68-14A6-577D-AE0F-D54B567857C5}.GERLIVEKalydo|x64.Build.0 = GERLIVEKalydo|x64
		{01D03A68-14A6-577D-AE0F-D54B567857C5}.KORTEST|Win32.ActiveCfg = KORTEST|Win32
		{01D03A68-14A6-577D-AE0F-D54B567857C5}.KORTEST|Win32.Build.0 = KORTEST|Win32
		{01D03A68-14A6-577D-AE0F-D54B567857C5}.KORTEST|x64.ActiveCfg = KORTEST|x64
		{01D03A68-14A6-577D-AE0F-D54B567857C5}.KORTEST|x64.Build.0 = KORTEST|x64
		{01D03A68-14A6-577D-AE0F-D54B567857C5}.MAXLIVE|Win32.ActiveCfg = MAXLIVE|Win32
		{01D03A68-14A6-577D-AE0F-D54B567857C5}.MAXLIVE|Win32.Build.0 = MAXLIVE|Win32
		{01D03A68-14A6-577D-AE0F-D54B567857C5}.MAXLIVE|x64.ActiveCfg = MAXLIVE|x64
		{01D03A68-14A6-577D-AE0F-D54B567857C5}.MAXLIVE|x64.Build.0 = MAXLIVE|x64
		{01D03A68-14A6-577D-AE0F-D54B567857C5}.ReleaseKalydo|Win32.ActiveCfg = ReleaseKalydo|Win32
		{01D03A68-14A6-577D-AE0F-D54B567857C5}.ReleaseKalydo|x64.ActiveCfg = ReleaseKalydo|x64
		{01D03A68-14A6-577D-AE0F-D54B567857C5}.ReleaseKalydo|x64.Build.0 = ReleaseKalydo|x64
		{01D03A68-14A6-577D-AE0F-D54B567857C5}.RUSLIVE|Win32.ActiveCfg = RUSLIVE|Win32
		{01D03A68-14A6-577D-AE0F-D54B567857C5}.RUSLIVE|Win32.Build.0 = RUSLIVE|Win32
		{01D03A68-14A6-577D-AE0F-D54B567857C5}.RUSLIVE|x64.ActiveCfg = RUSLIVE|x64
		{01D03A68-14A6-577D-AE0F-D54B567857C5}.RUSLIVE|x64.Build.0 = RUSLIVE|x64
		{01D03A68-14A6-577D-AE0F-D54B567857C5}.Template|Win32.ActiveCfg = Template|Win32
		{01D03A68-14A6-577D-AE0F-D54B567857C5}.Template|x64.ActiveCfg = Template|x64
		{01D03A68-14A6-577D-AE0F-D54B567857C5}.Template|x64.Build.0 = Template|x64
		{01D03A68-14A6-577D-AE0F-D54B567857C5}.THAILIVE|Win32.ActiveCfg = THAILIVE|Win32
		{01D03A68-14A6-577D-AE0F-D54B567857C5}.THAILIVE|Win32.Build.0 = THAILIVE|Win32
		{01D03A68-14A6-577D-AE0F-D54B567857C5}.THAILIVE|x64.ActiveCfg = THAILIVE|x64
		{01D03A68-14A6-577D-AE0F-D54B567857C5}.THAILIVE|x64.Build.0 = THAILIVE|x64
		{01D03A68-14A6-577D-AE0F-D54B567857C5}.UI TOOL|Win32.ActiveCfg = UI TOOL|Win32
		{01D03A68-14A6-577D-AE0F-D54B567857C5}.UI TOOL|Win32.Build.0 = UI TOOL|Win32
		{01D03A68-14A6-577D-AE0F-D54B567857C5}.UI TOOL|x64.ActiveCfg = UI TOOL|x64
		{01D03A68-14A6-577D-AE0F-D54B567857C5}.USALIVE|Win32.ActiveCfg = USALIVE|Win32
		{01D03A68-14A6-577D-AE0F-D54B567857C5}.USALIVE|Win32.Build.0 = USALIVE|Win32
		{01D03A68-14A6-577D-AE0F-D54B567857C5}.USALIVE|x64.ActiveCfg = USALIVE|x64
		{01D03A68-14A6-577D-AE0F-D54B567857C5}.USALIVE|x64.Build.0 = USALIVE|x64
		{01D03A68-14A6-577D-AE0F-D54B567857C5}.WORLDEDITOR|Win32.ActiveCfg = WORLDEDITOR|Win32
		{01D03A68-14A6-577D-AE0F-D54B567857C5}.WORLDEDITOR|Win32.Build.0 = WORLDEDITOR|Win32
		{01D03A68-14A6-577D-AE0F-D54B567857C5}.WORLDEDITOR|x64.ActiveCfg = WORLDEDITOR|x64
		{01D03A68-14A6-577D-AE0F-D54B567857C5}.WORLDEDITOR|x64.Build.0 = WORLDEDITOR|x64
		{A68AEE0D-7EBD-B26A-0448-EE33D3A2CB17}.BRZLIVE|Win32.ActiveCfg = BRZLIVE|Win32
		{A68AEE0D-7EBD-B26A-0448-EE33D3A2CB17}.BRZLIVE|Win32.Build.0 = BRZLIVE|Win32
		{A68AEE0D-7EBD-B26A-0448-EE33D3A2CB17}.BRZLIVE|x64.ActiveCfg = BRZLIVE|x64
		{A68AEE0D-7EBD-B26A-0448-EE33D3A2CB17}.BRZLIVE|x64.Build.0 = BRZLIVE|x64
		{A68AEE0D-7EBD-B26A-0448-EE33D3A2CB17}.Debug|Win32.ActiveCfg = Debug|Win32
		{A68AEE0D-7EBD-B26A-0448-EE33D3A2CB17}.Debug|Win32.Build.0 = Debug|Win32
		{A68AEE0D-7EBD-B26A-0448-EE33D3A2CB17}.Debug|x64.ActiveCfg = Debug|x64
		{A68AEE0D-7EBD-B26A-0448-EE33D3A2CB17}.Debug|x64.Build.0 = Debug|x64
		{A68AEE0D-7EBD-B26A-0448-EE33D3A2CB17}.DebugKalydo|Win32.ActiveCfg = DebugKalydo|Win32
		{A68AEE0D-7EBD-B26A-0448-EE33D3A2CB17}.DebugKalydo|x64.ActiveCfg = DebugKalydo|x64
		{A68AEE0D-7EBD-B26A-0448-EE33D3A2CB17}.DebugKalydo|x64.Build.0 = DebugKalydo|x64
		{A68AEE0D-7EBD-B26A-0448-EE33D3A2CB17}.DEVTEST|Win32.ActiveCfg = DEVTEST|Win32
		{A68AEE0D-7EBD-B26A-0448-EE33D3A2CB17}.DEVTEST|Win32.Build.0 = DEVTEST|Win32
		{A68AEE0D-7EBD-B26A-0448-EE33D3A2CB17}.DEVTEST|x64.ActiveCfg = DEVTEST|x64
		{A68AEE0D-7EBD-B26A-0448-EE33D3A2CB17}.DEVTEST|x64.Build.0 = DEVTEST|x64
		{A68AEE0D-7EBD-B26A-0448-EE33D3A2CB17}.GERLIVE|Win32.ActiveCfg = GERLIVE|Win32
		{A68AEE0D-7EBD-B26A-0448-EE33D3A2CB17}.GERLIVE|Win32.Build.0 = GERLIVE|Win32
		{A68AEE0D-7EBD-B26A-0448-EE33D3A2CB17}.GERLIVE|x64.ActiveCfg = GERLIVE|x64
		{A68AEE0D-7EBD-B26A-0448-EE33D3A2CB17}.GERLIVE|x64.Build.0 = GERLIVE|x64
		{A68AEE0D-7EBD-B26A-0448-EE33D3A2CB17}.GERLIVEKalydo|Win32.ActiveCfg = GERLIVEKalydo|Win32
		{A68AEE0D-7EBD-B26A-0448-EE33D3A2CB17}.GERLIVEKalydo|Win32.Build.0 = GERLIVEKalydo|Win32
		{A68AEE0D-7EBD-B26A-0448-EE33D3A2CB17}.GERLIVEKalydo|x64.ActiveCfg = GERLIVEKalydo|x64
		{A68AEE0D-7EBD-B26A-0448-EE33D3A2CB17}.GERLIVEKalydo|x64.Build.0 = GERLIVEKalydo|x64
		{A68AEE0D-7EBD-B26A-0448-EE33D3A2CB17}.KORTEST|Win32.ActiveCfg = KORTEST|Win32
		{A68AEE0D-7EBD-B26A-0448-EE33D3A2CB17}.KORTEST|Win32.Build.0 = KORTEST|Win32
		{A68AEE0D-7EBD-B26A-0448-EE33D3A2CB17}.KORTEST|x64.ActiveCfg = KORTEST|x64
		{A68AEE0D-7EBD-B26A-0448-EE33D3A2CB17}.KORTEST|x64.Build.0 = KORTEST|x64
		{A68AEE0D-7EBD-B26A-0448-EE33D3A2CB17}.MAXLIVE|Win32.ActiveCfg = MAXLIVE|Win32
		{A68AEE0D-7EBD-B26A-0448-EE33D3A2CB17}.MAXLIVE|Win32.Build.0 = MAXLIVE|Win32
		{A68AEE0D-7EBD-B26A-0448-EE33D3A2CB17}.MAXLIVE|x64.ActiveCfg = MAXLIVE|x64
		{A68AEE0D-7EBD-B26A-0448-EE33D3A2CB17}.MAXLIVE|x64.Build.0 = MAXLIVE|x64
		{A68AEE0D-7EBD-B26A-0448-EE33D3A2CB17}.ReleaseKalydo|Win32.ActiveCfg = ReleaseKalydo|Win32
		{A68AEE0D-7EBD-B26A-0448-EE33D3A2CB17}.ReleaseKalydo|x64.ActiveCfg = ReleaseKalydo|x64
		{A68AEE0D-7EBD-B26A-0448-EE33D3A2CB17}.ReleaseKalydo|x64.Build.0 = ReleaseKalydo|x64
		{A68AEE0D-7EBD-B26A-0448-EE33D3A2CB17}.RUSLIVE|Win32.ActiveCfg = RUSLIVE|Win32
		{A68AEE0D-7EBD-B26A-0448-EE33D3A2CB17}.RUSLIVE|Win32.Build.0 = RUSLIVE|Win32
		{A68AEE0D-7EBD-B26A-0448-EE33D3A2CB17}.RUSLIVE|x64.ActiveCfg = RUSLIVE|x64
		{A68AEE0D-7EBD-B26A-0448-EE33D3A2CB17}.RUSLIVE|x64.Build.0 = RUSLIVE|x64
		{A68AEE0D-7EBD-B26A-0448-EE33D3A2CB17}.Template|Win32.ActiveCfg = Template|Win32
		{A68AEE0D-7EBD-B26A-0448-EE33D3A2CB17}.Template|x64.ActiveCfg = Template|x64
		{A68AEE0D-7EBD-B26A-0448-EE33D3A2CB17}.Template|x64.Build.0 = Template|x64
		{A68AEE0D-7EBD-B26A-0448-EE33D3A2CB17}.THAILIVE|Win32.ActiveCfg = THAILIVE|Win32
		{A68AEE0D-7EBD-B26A-0448-EE33D3A2CB17}.THAILIVE|Win32.Build.0 = THAILIVE|Win32
		{A68AEE0D-7EBD-B26A-0448-EE33D3A2CB17}.THAILIVE|x64.ActiveCfg = THAILIVE|x64
		{A68AEE0D-7EBD-B26A-0448-EE33D3A2CB17}.THAILIVE|x64.Build.0 = THAILIVE|x64
		{A68AEE0D-7EBD-B26A-0448-EE33D3A2CB17}.UI TOOL|Win32.ActiveCfg = UI TOOL|Win32
		{A68AEE0D-7EBD-B26A-0448-EE33D3A2CB17}.UI TOOL|Win32.Build.0 = UI TOOL|Win32
		{A68AEE0D-7EBD-B26A-0448-EE33D3A2CB17}.UI TOOL|x64.ActiveCfg = UI TOOL|x64
		{A68AEE0D-7EBD-B26A-0448-EE33D3A2CB17}.USALIVE|Win32.ActiveCfg = USALIVE|Win32
		{A68AEE0D-7EBD-B26A-0448-EE33D3A2CB17}.USALIVE|Win32.Build.0 = USALIVE|Win32
		{A68AEE0D-7EBD-B26A-0448-EE33D3A2CB17}.USALIVE|x64.ActiveCfg = USALIVE|x64
		{A68AEE0D-7EBD-B26A-0448-EE33D3A2CB17}.USALIVE|x64.Build.0 = USALIVE|x64
		{A68AEE0D-7EBD-B26A-0448-EE33D3A2CB17}.WORLDEDITOR|Win32.ActiveCfg = WORLDEDITOR|Win32
		{A68AEE0D-7EBD-B26A-0448-EE33D3A2CB17}.WORLDEDITOR|Win32.Build.0 = WORLDEDITOR|Win32
		{A68AEE0D-7EBD-B26A-0448-EE33D3A2CB17}.WORLDEDITOR|x64.ActiveCfg = WORLDEDITOR|x64
		{A68AEE0D-7EBD-B26A-0448-EE33D3A2CB17}.WORLDEDITOR|x64.Build.0 = WORLDEDITOR|x64
		{700FB23F-E318-3178-1841-B21D44877619}.BRZLIVE|Win32.ActiveCfg = BRZLIVE|Win32
		{700FB23F-E318-3178-1841-B21D44877619}.BRZLIVE|Win32.Build.0 = BRZLIVE|Win32
		{700FB23F-E318-3178-1841-B21D44877619}.BRZLIVE|x64.ActiveCfg = BRZLIVE|x64
		{700FB23F-E318-3178-1841-B21D44877619}.BRZLIVE|x64.Build.0 = BRZLIVE|x64
		{700FB23F-E318-3178-1841-B21D44877619}.Debug|Win32.ActiveCfg = Debug|Win32
		{700FB23F-E318-3178-1841-B21D44877619}.Debug|Win32.Build.0 = Debug|Win32
		{700FB23F-E318-3178-1841-B21D44877619}.Debug|x64.ActiveCfg = Debug|x64
		{700FB23F-E318-3178-1841-B21D44877619}.Debug|x64.Build.0 = Debug|x64
		{700FB23F-E318-3178-1841-B21D44877619}.DebugKalydo|Win32.ActiveCfg = Debug|Win32
		{700FB23F-E318-3178-1841-B21D44877619}.DebugKalydo|x64.ActiveCfg = WORLDEDITOR_D|x64
		{700FB23F-E318-3178-1841-B21D44877619}.DebugKalydo|x64.Build.0 = WORLDEDITOR_D|x64
		{700FB23F-E318-3178-1841-B21D44877619}.DEVTEST|Win32.ActiveCfg = DEVTEST|Win32
		{700FB23F-E318-3178-1841-B21D44877619}.DEVTEST|Win32.Build.0 = DEVTEST|Win32
		{700FB23F-E318-3178-1841-B21D44877619}.DEVTEST|x64.ActiveCfg = DEVTEST|x64
		{700FB23F-E318-3178-1841-B21D44877619}.DEVTEST|x64.Build.0 = DEVTEST|x64
		{700FB23F-E318-3178-1841-B21D44877619}.GERLIVE|Win32.ActiveCfg = GERLIVE|Win32
		{700FB23F-E318-3178-1841-B21D44877619}.GERLIVE|Win32.Build.0 = GERLIVE|Win32
		{700FB23F-E318-3178-1841-B21D44877619}.GERLIVE|x64.ActiveCfg = GERLIVE|x64
		{700FB23F-E318-3178-1841-B21D44877619}.GERLIVE|x64.Build.0 = GERLIVE|x64
		{700FB23F-E318-3178-1841-B21D44877619}.GERLIVEKalydo|Win32.ActiveCfg = GERLIVE|Win32
		{700FB23F-E318-3178-1841-B21D44877619}.GERLIVEKalydo|Win32.Build.0 = GERLIVE|Win32
		{700FB23F-E318-3178-1841-B21D44877619}.GERLIVEKalydo|x64.ActiveCfg = THAILIVE|x64
		{700FB23F-E318-3178-1841-B21D44877619}.GERLIVEKalydo|x64.Build.0 = THAILIVE|x64
		{700FB23F-E318-3178-1841-B21D44877619}.KORTEST|Win32.ActiveCfg = KORTEST|Win32
		{700FB23F-E318-3178-1841-B21D44877619}.KORTEST|Win32.Build.0 = KORTEST|Win32
		{700FB23F-E318-3178-1841-B21D44877619}.KORTEST|x64.ActiveCfg = KORTEST|x64
		{700FB23F-E318-3178-1841-B21D44877619}.KORTEST|x64.Build.0 = KORTEST|x64
		{700FB23F-E318-3178-1841-B21D44877619}.MAXLIVE|Win32.ActiveCfg = MAXLIVE|Win32
		{700FB23F-E318-3178-1841-B21D44877619}.MAXLIVE|Win32.Build.0 = MAXLIVE|Win32
		{700FB23F-E318-3178-1841-B21D44877619}.MAXLIVE|x64.ActiveCfg = MAXLIVE|x64
		{700FB23F-E318-3178-1841-B21D44877619}.MAXLIVE|x64.Build.0 = MAXLIVE|x64
		{700FB23F-E318-3178-1841-B21D44877619}.ReleaseKalydo|Win32.ActiveCfg = RUSLIVE|Win32
		{700FB23F-E318-3178-1841-B21D44877619}.ReleaseKalydo|x64.ActiveCfg = WORLDEDITOR_D|x64
		{700FB23F-E318-3178-1841-B21D44877619}.ReleaseKalydo|x64.Build.0 = WORLDEDITOR_D|x64
		{700FB23F-E318-3178-1841-B21D44877619}.RUSLIVE|Win32.ActiveCfg = RUSLIVE|Win32
		{700FB23F-E318-3178-1841-B21D44877619}.RUSLIVE|Win32.Build.0 = RUSLIVE|Win32
		{700FB23F-E318-3178-1841-B21D44877619}.RUSLIVE|x64.ActiveCfg = RUSLIVE|x64
		{700FB23F-E318-3178-1841-B21D44877619}.RUSLIVE|x64.Build.0 = RUSLIVE|x64
		{700FB23F-E318-3178-1841-B21D44877619}.Template|Win32.ActiveCfg = Template|Win32
		{700FB23F-E318-3178-1841-B21D44877619}.Template|x64.ActiveCfg = Template|x64
		{700FB23F-E318-3178-1841-B21D44877619}.Template|x64.Build.0 = Template|x64
		{700FB23F-E318-3178-1841-B21D44877619}.THAILIVE|Win32.ActiveCfg = THAILIVE|Win32
		{700FB23F-E318-3178-1841-B21D44877619}.THAILIVE|Win32.Build.0 = THAILIVE|Win32
		{700FB23F-E318-3178-1841-B21D44877619}.THAILIVE|x64.ActiveCfg = THAILIVE|x64
		{700FB23F-E318-3178-1841-B21D44877619}.THAILIVE|x64.Build.0 = THAILIVE|x64
		{700FB23F-E318-3178-1841-B21D44877619}.UI TOOL|Win32.ActiveCfg = UI TOOL|Win32
		{700FB23F-E318-3178-1841-B21D44877619}.UI TOOL|Win32.Build.0 = UI TOOL|Win32
		{700FB23F-E318-3178-1841-B21D44877619}.UI TOOL|x64.ActiveCfg = UI TOOL|x64
		{700FB23F-E318-3178-1841-B21D44877619}.USALIVE|Win32.ActiveCfg = USALIVE|Win32
		{700FB23F-E318-3178-1841-B21D44877619}.USALIVE|Win32.Build.0 = USALIVE|Win32
		{700FB23F-E318-3178-1841-B21D44877619}.USALIVE|x64.ActiveCfg = USALIVE|x64
		{700FB23F-E318-3178-1841-B21D44877619}.USALIVE|x64.Build.0 = USALIVE|x64
		{700FB23F-E318-3178-1841-B21D44877619}.WORLDEDITOR|Win32.ActiveCfg = WORLDEDITOR|Win32
		{700FB23F-E318-3178-1841-B21D44877619}.WORLDEDITOR|Win32.Build.0 = WORLDEDITOR|Win32
		{700FB23F-E318-3178-1841-B21D44877619}.WORLDEDITOR|x64.ActiveCfg = WORLDEDITOR|x64
		{700FB23F-E318-3178-1841-B21D44877619}.WORLDEDITOR|x64.Build.0 = WORLDEDITOR|x64
		{D42BFFDE-1521-EC17-8741-96F54EEED515}.BRZLIVE|Win32.ActiveCfg = BRZLIVE|Win32
		{D42BFFDE-1521-EC17-8741-96F54EEED515}.BRZLIVE|Win32.Build.0 = BRZLIVE|Win32
		{D42BFFDE-1521-EC17-8741-96F54EEED515}.BRZLIVE|x64.ActiveCfg = BRZLIVE|x64
		{D42BFFDE-1521-EC17-8741-96F54EEED515}.BRZLIVE|x64.Build.0 = BRZLIVE|x64
		{D42BFFDE-1521-EC17-8741-96F54EEED515}.Debug|Win32.ActiveCfg = Debug|Win32
		{D42BFFDE-1521-EC17-8741-96F54EEED515}.Debug|Win32.Build.0 = Debug|Win32
		{D42BFFDE-1521-EC17-8741-96F54EEED515}.Debug|x64.ActiveCfg = Debug|x64
		{D42BFFDE-1521-EC17-8741-96F54EEED515}.Debug|x64.Build.0 = Debug|x64
		{D42BFFDE-1521-EC17-8741-96F54EEED515}.DebugKalydo|Win32.ActiveCfg = DebugKalydo|Win32
		{D42BFFDE-1521-EC17-8741-96F54EEED515}.DebugKalydo|x64.ActiveCfg = DebugKalydo|x64
		{D42BFFDE-1521-EC17-8741-96F54EEED515}.DebugKalydo|x64.Build.0 = DebugKalydo|x64
		{D42BFFDE-1521-EC17-8741-96F54EEED515}.DEVTEST|Win32.ActiveCfg = DEVTEST|Win32
		{D42BFFDE-1521-EC17-8741-96F54EEED515}.DEVTEST|Win32.Build.0 = DEVTEST|Win32
		{D42BFFDE-1521-EC17-8741-96F54EEED515}.DEVTEST|x64.ActiveCfg = DEVTEST|x64
		{D42BFFDE-1521-EC17-8741-96F54EEED515}.DEVTEST|x64.Build.0 = DEVTEST|x64
		{D42BFFDE-1521-EC17-8741-96F54EEED515}.GERLIVE|Win32.ActiveCfg = GERLIVE|Win32
		{D42BFFDE-1521-EC17-8741-96F54EEED515}.GERLIVE|Win32.Build.0 = GERLIVE|Win32
		{D42BFFDE-1521-EC17-8741-96F54EEED515}.GERLIVE|x64.ActiveCfg = GERLIVE|x64
		{D42BFFDE-1521-EC17-8741-96F54EEED515}.GERLIVE|x64.Build.0 = GERLIVE|x64
		{D42BFFDE-1521-EC17-8741-96F54EEED515}.GERLIVEKalydo|Win32.ActiveCfg = GERLIVEKalydo|Win32
		{D42BFFDE-1521-EC17-8741-96F54EEED515}.GERLIVEKalydo|Win32.Build.0 = GERLIVEKalydo|Win32
		{D42BFFDE-1521-EC17-8741-96F54EEED515}.GERLIVEKalydo|x64.ActiveCfg = GERLIVEKalydo|x64
		{D42BFFDE-1521-EC17-8741-96F54EEED515}.GERLIVEKalydo|x64.Build.0 = GERLIVEKalydo|x64
		{D42BFFDE-1521-EC17-8741-96F54EEED515}.KORTEST|Win32.ActiveCfg = KORTEST|Win32
		{D42BFFDE-1521-EC17-8741-96F54EEED515}.KORTEST|Win32.Build.0 = KORTEST|Win32
		{D42BFFDE-1521-EC17-8741-96F54EEED515}.KORTEST|x64.ActiveCfg = KORTEST|x64
		{D42BFFDE-1521-EC17-8741-96F54EEED515}.KORTEST|x64.Build.0 = KORTEST|x64
		{D42BFFDE-1521-EC17-8741-96F54EEED515}.MAXLIVE|Win32.ActiveCfg = MAXLIVE|Win32
		{D42BFFDE-1521-EC17-8741-96F54EEED515}.MAXLIVE|Win32.Build.0 = MAXLIVE|Win32
		{D42BFFDE-1521-EC17-8741-96F54EEED515}.MAXLIVE|x64.ActiveCfg = MAXLIVE|x64
		{D42BFFDE-1521-EC17-8741-96F54EEED515}.MAXLIVE|x64.Build.0 = MAXLIVE|x64
		{D42BFFDE-1521-EC17-8741-96F54EEED515}.ReleaseKalydo|Win32.ActiveCfg = ReleaseKalydo|Win32
		{D42BFFDE-1521-EC17-8741-96F54EEED515}.ReleaseKalydo|x64.ActiveCfg = ReleaseKalydo|x64
		{D42BFFDE-1521-EC17-8741-96F54EEED515}.ReleaseKalydo|x64.Build.0 = ReleaseKalydo|x64
		{D42BFFDE-1521-EC17-8741-96F54EEED515}.RUSLIVE|Win32.ActiveCfg = RUSLIVE|Win32
		{D42BFFDE-1521-EC17-8741-96F54EEED515}.RUSLIVE|Win32.Build.0 = RUSLIVE|Win32
		{D42BFFDE-1521-EC17-8741-96F54EEED515}.RUSLIVE|x64.ActiveCfg = RUSLIVE|x64
		{D42BFFDE-1521-EC17-8741-96F54EEED515}.RUSLIVE|x64.Build.0 = RUSLIVE|x64
		{D42BFFDE-1521-EC17-8741-96F54EEED515}.Template|Win32.ActiveCfg = Template|Win32
		{D42BFFDE-1521-EC17-8741-96F54EEED515}.Template|x64.ActiveCfg = Template|x64
		{D42BFFDE-1521-EC17-8741-96F54EEED515}.Template|x64.Build.0 = Template|x64
		{D42BFFDE-1521-EC17-8741-96F54EEED515}.THAILIVE|Win32.ActiveCfg = THAILIVE|Win32
		{D42BFFDE-1521-EC17-8741-96F54EEED515}.THAILIVE|Win32.Build.0 = THAILIVE|Win32
		{D42BFFDE-1521-EC17-8741-96F54EEED515}.THAILIVE|x64.ActiveCfg = THAILIVE|x64
		{D42BFFDE-1521-EC17-8741-96F54EEED515}.THAILIVE|x64.Build.0 = THAILIVE|x64
		{D42BFFDE-1521-EC17-8741-96F54EEED515}.UI TOOL|Win32.ActiveCfg = UI TOOL|Win32
		{D42BFFDE-1521-EC17-8741-96F54EEED515}.UI TOOL|Win32.Build.0 = UI TOOL|Win32
		{D42BFFDE-1521-EC17-8741-96F54EEED515}.UI TOOL|x64.ActiveCfg = UI TOOL|x64
		{D42BFFDE-1521-EC17-8741-96F54EEED515}.USALIVE|Win32.ActiveCfg = USALIVE|Win32
		{D42BFFDE-1521-EC17-8741-96F54EEED515}.USALIVE|Win32.Build.0 = USALIVE|Win32
		{D42BFFDE-1521-EC17-8741-96F54EEED515}.USALIVE|x64.ActiveCfg = USALIVE|x64
		{D42BFFDE-1521-EC17-8741-96F54EEED515}.USALIVE|x64.Build.0 = USALIVE|x64
		{D42BFFDE-1521-EC17-8741-96F54EEED515}.WORLDEDITOR|Win32.ActiveCfg = WORLDEDITOR|Win32
		{D42BFFDE-1521-EC17-8741-96F54EEED515}.WORLDEDITOR|Win32.Build.0 = WORLDEDITOR|Win32
		{D42BFFDE-1521-EC17-8741-96F54EEED515}.WORLDEDITOR|x64.ActiveCfg = WORLDEDITOR|x64
		{D42BFFDE-1521-EC17-8741-96F54EEED515}.WORLDEDITOR|x64.Build.0 = WORLDEDITOR|x64
		{A3109CCC-B83D-4D6C-A214-03C10084F276}.BRZLIVE|Win32.ActiveCfg = Release|Win32
		{A3109CCC-B83D-4D6C-A214-03C10084F276}.BRZLIVE|Win32.Build.0 = Release|Win32
		{A3109CCC-B83D-4D6C-A214-03C10084F276}.BRZLIVE|x64.ActiveCfg = Release|x64
		{A3109CCC-B83D-4D6C-A214-03C10084F276}.BRZLIVE|x64.Build.0 = Release|x64
		{A3109CCC-B83D-4D6C-A214-03C10084F276}.Debug|Win32.ActiveCfg = Debug|Win32
		{A3109CCC-B83D-4D6C-A214-03C10084F276}.Debug|Win32.Build.0 = Debug|Win32
		{A3109CCC-B83D-4D6C-A214-03C10084F276}.Debug|x64.ActiveCfg = Debug|x64
		{A3109CCC-B83D-4D6C-A214-03C10084F276}.Debug|x64.Build.0 = Debug|x64
		{A3109CCC-B83D-4D6C-A214-03C10084F276}.DebugKalydo|Win32.ActiveCfg = Debug|Win32
		{A3109CCC-B83D-4D6C-A214-03C10084F276}.DebugKalydo|Win32.Build.0 = Debug|Win32
		{A3109CCC-B83D-4D6C-A214-03C10084F276}.DebugKalydo|x64.ActiveCfg = SkaStudio|x64
		{A3109CCC-B83D-4D6C-A214-03C10084F276}.DebugKalydo|x64.Build.0 = SkaStudio|x64
		{A3109CCC-B83D-4D6C-A214-03C10084F276}.DEVTEST|Win32.ActiveCfg = DEVTEST|Win32
		{A3109CCC-B83D-4D6C-A214-03C10084F276}.DEVTEST|Win32.Build.0 = DEVTEST|Win32
		{A3109CCC-B83D-4D6C-A214-03C10084F276}.DEVTEST|x64.ActiveCfg = DEVTEST|x64
		{A3109CCC-B83D-4D6C-A214-03C10084F276}.DEVTEST|x64.Build.0 = DEVTEST|x64
		{A3109CCC-B83D-4D6C-A214-03C10084F276}.GERLIVE|Win32.ActiveCfg = Release|Win32
		{A3109CCC-B83D-4D6C-A214-03C10084F276}.GERLIVE|Win32.Build.0 = Release|Win32
		{A3109CCC-B83D-4D6C-A214-03C10084F276}.GERLIVE|x64.ActiveCfg = SkaStudio|x64
		{A3109CCC-B83D-4D6C-A214-03C10084F276}.GERLIVE|x64.Build.0 = SkaStudio|x64
		{A3109CCC-B83D-4D6C-A214-03C10084F276}.GERLIVEKalydo|Win32.ActiveCfg = Release|Win32
		{A3109CCC-B83D-4D6C-A214-03C10084F276}.GERLIVEKalydo|Win32.Build.0 = Release|Win32
		{A3109CCC-B83D-4D6C-A214-03C10084F276}.GERLIVEKalydo|x64.ActiveCfg = SkaStudio|x64
		{A3109CCC-B83D-4D6C-A214-03C10084F276}.GERLIVEKalydo|x64.Build.0 = SkaStudio|x64
		{A3109CCC-B83D-4D6C-A214-03C10084F276}.KORTEST|Win32.ActiveCfg = Release|Win32
		{A3109CCC-B83D-4D6C-A214-03C10084F276}.KORTEST|Win32.Build.0 = Release|Win32
		{A3109CCC-B83D-4D6C-A214-03C10084F276}.KORTEST|x64.ActiveCfg = SkaStudio|x64
		{A3109CCC-B83D-4D6C-A214-03C10084F276}.KORTEST|x64.Build.0 = SkaStudio|x64
		{A3109CCC-B83D-4D6C-A214-03C10084F276}.MAXLIVE|Win32.ActiveCfg = Release|Win32
		{A3109CCC-B83D-4D6C-A214-03C10084F276}.MAXLIVE|Win32.Build.0 = Release|Win32
		{A3109CCC-B83D-4D6C-A214-03C10084F276}.MAXLIVE|x64.ActiveCfg = SkaStudio|x64
		{A3109CCC-B83D-4D6C-A214-03C10084F276}.MAXLIVE|x64.Build.0 = SkaStudio|x64
		{A3109CCC-B83D-4D6C-A214-03C10084F276}.ReleaseKalydo|Win32.ActiveCfg = Release|Win32
		{A3109CCC-B83D-4D6C-A214-03C10084F276}.ReleaseKalydo|Win32.Build.0 = Release|Win32
		{A3109CCC-B83D-4D6C-A214-03C10084F276}.ReleaseKalydo|x64.ActiveCfg = SkaStudio|x64
		{A3109CCC-B83D-4D6C-A214-03C10084F276}.ReleaseKalydo|x64.Build.0 = SkaStudio|x64
		{A3109CCC-B83D-4D6C-A214-03C10084F276}.RUSLIVE|Win32.ActiveCfg = Release|Win32
		{A3109CCC-B83D-4D6C-A214-03C10084F276}.RUSLIVE|Win32.Build.0 = Release|Win32
		{A3109CCC-B83D-4D6C-A214-03C10084F276}.RUSLIVE|x64.ActiveCfg = SkaStudio|x64
		{A3109CCC-B83D-4D6C-A214-03C10084F276}.RUSLIVE|x64.Build.0 = SkaStudio|x64
		{A3109CCC-B83D-4D6C-A214-03C10084F276}.Template|Win32.ActiveCfg = Release|Win32
		{A3109CCC-B83D-4D6C-A214-03C10084F276}.Template|Win32.Build.0 = Release|Win32
		{A3109CCC-B83D-4D6C-A214-03C10084F276}.Template|x64.ActiveCfg = SkaStudio|x64
		{A3109CCC-B83D-4D6C-A214-03C10084F276}.Template|x64.Build.0 = SkaStudio|x64
		{A3109CCC-B83D-4D6C-A214-03C10084F276}.THAILIVE|Win32.ActiveCfg = Release|Win32
		{A3109CCC-B83D-4D6C-A214-03C10084F276}.THAILIVE|Win32.Build.0 = Release|Win32
		{A3109CCC-B83D-4D6C-A214-03C10084F276}.THAILIVE|x64.ActiveCfg = DEVTEST|x64
		{A3109CCC-B83D-4D6C-A214-03C10084F276}.THAILIVE|x64.Build.0 = DEVTEST|x64
		{A3109CCC-B83D-4D6C-A214-03C10084F276}.UI TOOL|Win32.ActiveCfg = UI TOOL|Win32
		{A3109CCC-B83D-4D6C-A214-03C10084F276}.UI TOOL|Win32.Build.0 = UI TOOL|Win32
		{A3109CCC-B83D-4D6C-A214-03C10084F276}.UI TOOL|x64.ActiveCfg = UI TOOL|x64
		{A3109CCC-B83D-4D6C-A214-03C10084F276}.USALIVE|Win32.ActiveCfg = Release|Win32
		{A3109CCC-B83D-4D6C-A214-03C10084F276}.USALIVE|Win32.Build.0 = Release|Win32
		{A3109CCC-B83D-4D6C-A214-03C10084F276}.USALIVE|x64.ActiveCfg = Release|x64
		{A3109CCC-B83D-4D6C-A214-03C10084F276}.USALIVE|x64.Build.0 = Release|x64
		{A3109CCC-B83D-4D6C-A214-03C10084F276}.WORLDEDITOR|Win32.ActiveCfg = Release|Win32
		{A3109CCC-B83D-4D6C-A214-03C10084F276}.WORLDEDITOR|Win32.Build.0 = Release|Win32
		{A3109CCC-B83D-4D6C-A214-03C10084F276}.WORLDEDITOR|x64.ActiveCfg = DEVTEST|x64
		{A3109CCC-B83D-4D6C-A214-03C10084F276}.WORLDEDITOR|x64.Build.0 = DEVTEST|x64
		{109B294D-FCEE-D567-E5AD-12258321E443}.BRZLIVE|Win32.ActiveCfg = BRZLIVE|Win32
		{109B294D-FCEE-D567-E5AD-12258321E443}.BRZLIVE|Win32.Build.0 = BRZLIVE|Win32
		{109B294D-FCEE-D567-E5AD-12258321E443}.BRZLIVE|x64.ActiveCfg = BRZLIVE|Win32
		{109B294D-FCEE-D567-E5AD-12258321E443}.BRZLIVE|x64.Build.0 = BRZLIVE|Win32
		{109B294D-FCEE-D567-E5AD-12258321E443}.Debug|Win32.ActiveCfg = Debug|Win32
		{109B294D-FCEE-D567-E5AD-12258321E443}.Debug|Win32.Build.0 = Debug|Win32
		{109B294D-FCEE-D567-E5AD-12258321E443}.Debug|x64.ActiveCfg = Debug|Win32
		{109B294D-FCEE-D567-E5AD-12258321E443}.Debug|x64.Build.0 = Debug|Win32
		{109B294D-FCEE-D567-E5AD-12258321E443}.DebugKalydo|Win32.ActiveCfg = DebugKalydo|Win32
		{109B294D-FCEE-D567-E5AD-12258321E443}.DebugKalydo|Win32.Build.0 = DebugKalydo|Win32
		{109B294D-FCEE-D567-E5AD-12258321E443}.DebugKalydo|x64.ActiveCfg = DebugKalydo|Win32
		{109B294D-FCEE-D567-E5AD-12258321E443}.DebugKalydo|x64.Build.0 = DebugKalydo|Win32
		{109B294D-FCEE-D567-E5AD-12258321E443}.DEVTEST|Win32.ActiveCfg = SkaStudio|Win32
		{109B294D-FCEE-D567-E5AD-12258321E443}.DEVTEST|Win32.Build.0 = SkaStudio|Win32
		{109B294D-FCEE-D567-E5AD-12258321E443}.DEVTEST|x64.ActiveCfg = SkaStudio|Win32
		{109B294D-FCEE-D567-E5AD-12258321E443}.DEVTEST|x64.Build.0 = SkaStudio|Win32
		{109B294D-FCEE-D567-E5AD-12258321E443}.GERLIVE|Win32.ActiveCfg = GERLIVE|Win32
		{109B294D-FCEE-D567-E5AD-12258321E443}.GERLIVE|Win32.Build.0 = GERLIVE|Win32
		{109B294D-FCEE-D567-E5AD-12258321E443}.GERLIVE|x64.ActiveCfg = GERLIVE|Win32
		{109B294D-FCEE-D567-E5AD-12258321E443}.GERLIVE|x64.Build.0 = GERLIVE|Win32
		{109B294D-FCEE-D567-E5AD-12258321E443}.GERLIVEKalydo|Win32.ActiveCfg = GERLIVEKalydo|Win32
		{109B294D-FCEE-D567-E5AD-12258321E443}.GERLIVEKalydo|Win32.Build.0 = GERLIVEKalydo|Win32
		{109B294D-FCEE-D567-E5AD-12258321E443}.GERLIVEKalydo|x64.ActiveCfg = GERLIVEKalydo|Win32
		{109B294D-FCEE-D567-E5AD-12258321E443}.GERLIVEKalydo|x64.Build.0 = GERLIVEKalydo|Win32
		{109B294D-FCEE-D567-E5AD-12258321E443}.KORTEST|Win32.ActiveCfg = KORTEST|Win32
		{109B294D-FCEE-D567-E5AD-12258321E443}.KORTEST|Win32.Build.0 = KORTEST|Win32
		{109B294D-FCEE-D567-E5AD-12258321E443}.KORTEST|x64.ActiveCfg = KORTEST|Win32
		{109B294D-FCEE-D567-E5AD-12258321E443}.KORTEST|x64.Build.0 = KORTEST|Win32
		{109B294D-FCEE-D567-E5AD-12258321E443}.MAXLIVE|Win32.ActiveCfg = MAXLIVE|Win32
		{109B294D-FCEE-D567-E5AD-12258321E443}.MAXLIVE|Win32.Build.0 = MAXLIVE|Win32
		{109B294D-FCEE-D567-E5AD-12258321E443}.MAXLIVE|x64.ActiveCfg = MAXLIVE|Win32
		{109B294D-FCEE-D567-E5AD-12258321E443}.MAXLIVE|x64.Build.0 = MAXLIVE|Win32
		{109B294D-FCEE-D567-E5AD-12258321E443}.ReleaseKalydo|Win32.ActiveCfg = ReleaseKalydo|Win32
		{109B294D-FCEE-D567-E5AD-12258321E443}.ReleaseKalydo|Win32.Build.0 = ReleaseKalydo|Win32
		{109B294D-FCEE-D567-E5AD-12258321E443}.ReleaseKalydo|x64.ActiveCfg = ReleaseKalydo|Win32
		{109B294D-FCEE-D567-E5AD-12258321E443}.ReleaseKalydo|x64.Build.0 = ReleaseKalydo|Win32
		{109B294D-FCEE-D567-E5AD-12258321E443}.RUSLIVE|Win32.ActiveCfg = RUSLIVE|Win32
		{109B294D-FCEE-D567-E5AD-12258321E443}.RUSLIVE|Win32.Build.0 = RUSLIVE|Win32
		{109B294D-FCEE-D567-E5AD-12258321E443}.RUSLIVE|x64.ActiveCfg = RUSLIVE|Win32
		{109B294D-FCEE-D567-E5AD-12258321E443}.RUSLIVE|x64.Build.0 = RUSLIVE|Win32
		{109B294D-FCEE-D567-E5AD-12258321E443}.Template|Win32.ActiveCfg = Template|Win32
		{109B294D-FCEE-D567-E5AD-12258321E443}.Template|Win32.Build.0 = Template|Win32
		{109B294D-FCEE-D567-E5AD-12258321E443}.Template|x64.ActiveCfg = Template|Win32
		{109B294D-FCEE-D567-E5AD-12258321E443}.Template|x64.Build.0 = Template|Win32
		{109B294D-FCEE-D567-E5AD-12258321E443}.THAILIVE|Win32.ActiveCfg = THAILIVE|Win32
		{109B294D-FCEE-D567-E5AD-12258321E443}.THAILIVE|Win32.Build.0 = THAILIVE|Win32
		{109B294D-FCEE-D567-E5AD-12258321E443}.THAILIVE|x64.ActiveCfg = THAILIVE|Win32
		{109B294D-FCEE-D567-E5AD-12258321E443}.THAILIVE|x64.Build.0 = THAILIVE|Win32
		{109B294D-FCEE-D567-E5AD-12258321E443}.UI TOOL|Win32.ActiveCfg = UI TOOL|Win32
		{109B294D-FCEE-D567-E5AD-12258321E443}.UI TOOL|Win32.Build.0 = UI TOOL|Win32
		{109B294D-FCEE-D567-E5AD-12258321E443}.UI TOOL|x64.ActiveCfg = WORLDEDITOR|x64
		{109B294D-FCEE-D567-E5AD-12258321E443}.USALIVE|Win32.ActiveCfg = USALIVE|Win32
		{109B294D-FCEE-D567-E5AD-12258321E443}.USALIVE|Win32.Build.0 = USALIVE|Win32
		{109B294D-FCEE-D567-E5AD-12258321E443}.USALIVE|x64.ActiveCfg = USALIVE|x64
		{109B294D-FCEE-D567-E5AD-12258321E443}.WORLDEDITOR|Win32.ActiveCfg = WORLDEDITOR|Win32
		{109B294D-FCEE-D567-E5AD-12258321E443}.WORLDEDITOR|Win32.Build.0 = WORLDEDITOR|Win32
		{109B294D-FCEE-D567-E5AD-12258321E443}.WORLDEDITOR|x64.ActiveCfg = WORLDEDITOR|Win32
		{109B294D-FCEE-D567-E5AD-12258321E443}.WORLDEDITOR|x64.Build.0 = WORLDEDITOR|Win32
		{3F5BB9C1-BC8C-F31D-DCAB-09CF0D91E7E3}.BRZLIVE|Win32.ActiveCfg = BRZLIVE|Win32
		{3F5BB9C1-BC8C-F31D-DCAB-09CF0D91E7E3}.BRZLIVE|Win32.Build.0 = BRZLIVE|Win32
		{3F5BB9C1-BC8C-F31D-DCAB-09CF0D91E7E3}.BRZLIVE|x64.ActiveCfg = BRZLIVE|Win32
		{3F5BB9C1-BC8C-F31D-DCAB-09CF0D91E7E3}.BRZLIVE|x64.Build.0 = BRZLIVE|Win32
		{3F5BB9C1-BC8C-F31D-DCAB-09CF0D91E7E3}.Debug|Win32.ActiveCfg = Debug|Win32
		{3F5BB9C1-BC8C-F31D-DCAB-09CF0D91E7E3}.Debug|Win32.Build.0 = Debug|Win32
		{3F5BB9C1-BC8C-F31D-DCAB-09CF0D91E7E3}.Debug|x64.ActiveCfg = Debug|Win32
		{3F5BB9C1-BC8C-F31D-DCAB-09CF0D91E7E3}.Debug|x64.Build.0 = Debug|Win32
		{3F5BB9C1-BC8C-F31D-DCAB-09CF0D91E7E3}.DebugKalydo|Win32.ActiveCfg = DebugKalydo|Win32
		{3F5BB9C1-BC8C-F31D-DCAB-09CF0D91E7E3}.DebugKalydo|Win32.Build.0 = DebugKalydo|Win32
		{3F5BB9C1-BC8C-F31D-DCAB-09CF0D91E7E3}.DebugKalydo|x64.ActiveCfg = DebugKalydo|Win32
		{3F5BB9C1-BC8C-F31D-DCAB-09CF0D91E7E3}.DebugKalydo|x64.Build.0 = DebugKalydo|Win32
		{3F5BB9C1-BC8C-F31D-DCAB-09CF0D91E7E3}.DEVTEST|Win32.ActiveCfg = MAXLIVE|Win32
		{3F5BB9C1-BC8C-F31D-DCAB-09CF0D91E7E3}.DEVTEST|Win32.Build.0 = MAXLIVE|Win32
		{3F5BB9C1-BC8C-F31D-DCAB-09CF0D91E7E3}.DEVTEST|x64.ActiveCfg = MAXLIVE|Win32
		{3F5BB9C1-BC8C-F31D-DCAB-09CF0D91E7E3}.DEVTEST|x64.Build.0 = MAXLIVE|Win32
		{3F5BB9C1-BC8C-F31D-DCAB-09CF0D91E7E3}.GERLIVE|Win32.ActiveCfg = GERLIVE|Win32
		{3F5BB9C1-BC8C-F31D-DCAB-09CF0D91E7E3}.GERLIVE|Win32.Build.0 = GERLIVE|Win32
		{3F5BB9C1-BC8C-F31D-DCAB-09CF0D91E7E3}.GERLIVE|x64.ActiveCfg = GERLIVE|Win32
		{3F5BB9C1-BC8C-F31D-DCAB-09CF0D91E7E3}.GERLIVE|x64.Build.0 = GERLIVE|Win32
		{3F5BB9C1-BC8C-F31D-DCAB-09CF0D91E7E3}.GERLIVEKalydo|Win32.ActiveCfg = GERLIVEKalydo|Win32
		{3F5BB9C1-BC8C-F31D-DCAB-09CF0D91E7E3}.GERLIVEKalydo|Win32.Build.0 = GERLIVEKalydo|Win32
		{3F5BB9C1-BC8C-F31D-DCAB-09CF0D91E7E3}.GERLIVEKalydo|x64.ActiveCfg = GERLIVEKalydo|Win32
		{3F5BB9C1-BC8C-F31D-DCAB-09CF0D91E7E3}.GERLIVEKalydo|x64.Build.0 = GERLIVEKalydo|Win32
		{3F5BB9C1-BC8C-F31D-DCAB-09CF0D91E7E3}.KORTEST|Win32.ActiveCfg = KORTEST|Win32
		{3F5BB9C1-BC8C-F31D-DCAB-09CF0D91E7E3}.KORTEST|Win32.Build.0 = KORTEST|Win32
		{3F5BB9C1-BC8C-F31D-DCAB-09CF0D91E7E3}.KORTEST|x64.ActiveCfg = KORTEST|Win32
		{3F5BB9C1-BC8C-F31D-DCAB-09CF0D91E7E3}.KORTEST|x64.Build.0 = KORTEST|Win32
		{3F5BB9C1-BC8C-F31D-DCAB-09CF0D91E7E3}.MAXLIVE|Win32.ActiveCfg = MAXLIVE|Win32
		{3F5BB9C1-BC8C-F31D-DCAB-09CF0D91E7E3}.MAXLIVE|Win32.Build.0 = MAXLIVE|Win32
		{3F5BB9C1-BC8C-F31D-DCAB-09CF0D91E7E3}.MAXLIVE|x64.ActiveCfg = MAXLIVE|Win32
		{3F5BB9C1-BC8C-F31D-DCAB-09CF0D91E7E3}.MAXLIVE|x64.Build.0 = MAXLIVE|Win32
		{3F5BB9C1-BC8C-F31D-DCAB-09CF0D91E7E3}.ReleaseKalydo|Win32.ActiveCfg = ReleaseKalydo|Win32
		{3F5BB9C1-BC8C-F31D-DCAB-09CF0D91E7E3}.ReleaseKalydo|Win32.Build.0 = ReleaseKalydo|Win32
		{3F5BB9C1-BC8C-F31D-DCAB-09CF0D91E7E3}.ReleaseKalydo|x64.ActiveCfg = ReleaseKalydo|Win32
		{3F5BB9C1-BC8C-F31D-DCAB-09CF0D91E7E3}.ReleaseKalydo|x64.Build.0 = ReleaseKalydo|Win32
		{3F5BB9C1-BC8C-F31D-DCAB-09CF0D91E7E3}.RUSLIVE|Win32.ActiveCfg = RUSLIVE|Win32
		{3F5BB9C1-BC8C-F31D-DCAB-09CF0D91E7E3}.RUSLIVE|Win32.Build.0 = RUSLIVE|Win32
		{3F5BB9C1-BC8C-F31D-DCAB-09CF0D91E7E3}.RUSLIVE|x64.ActiveCfg = RUSLIVE|Win32
		{3F5BB9C1-BC8C-F31D-DCAB-09CF0D91E7E3}.RUSLIVE|x64.Build.0 = RUSLIVE|Win32
		{3F5BB9C1-BC8C-F31D-DCAB-09CF0D91E7E3}.Template|Win32.ActiveCfg = Template|Win32
		{3F5BB9C1-BC8C-F31D-DCAB-09CF0D91E7E3}.Template|Win32.Build.0 = Template|Win32
		{3F5BB9C1-BC8C-F31D-DCAB-09CF0D91E7E3}.Template|x64.ActiveCfg = Template|Win32
		{3F5BB9C1-BC8C-F31D-DCAB-09CF0D91E7E3}.Template|x64.Build.0 = Template|Win32
		{3F5BB9C1-BC8C-F31D-DCAB-09CF0D91E7E3}.THAILIVE|Win32.ActiveCfg = THAILIVE|Win32
		{3F5BB9C1-BC8C-F31D-DCAB-09CF0D91E7E3}.THAILIVE|Win32.Build.0 = THAILIVE|Win32
		{3F5BB9C1-BC8C-F31D-DCAB-09CF0D91E7E3}.THAILIVE|x64.ActiveCfg = THAILIVE|Win32
		{3F5BB9C1-BC8C-F31D-DCAB-09CF0D91E7E3}.THAILIVE|x64.Build.0 = THAILIVE|Win32
		{3F5BB9C1-BC8C-F31D-DCAB-09CF0D91E7E3}.UI TOOL|Win32.ActiveCfg = UI TOOL|Win32
		{3F5BB9C1-BC8C-F31D-DCAB-09CF0D91E7E3}.UI TOOL|Win32.Build.0 = UI TOOL|Win32
		{3F5BB9C1-BC8C-F31D-DCAB-09CF0D91E7E3}.UI TOOL|x64.ActiveCfg = UI TOOL|x64
		{3F5BB9C1-BC8C-F31D-DCAB-09CF0D91E7E3}.USALIVE|Win32.ActiveCfg = USALIVE|Win32
		{3F5BB9C1-BC8C-F31D-DCAB-09CF0D91E7E3}.USALIVE|Win32.Build.0 = USALIVE|Win32
		{3F5BB9C1-BC8C-F31D-DCAB-09CF0D91E7E3}.USALIVE|x64.ActiveCfg = USALIVE|x64
		{3F5BB9C1-BC8C-F31D-DCAB-09CF0D91E7E3}.WORLDEDITOR|Win32.ActiveCfg = WORLDEDITOR|Win32
		{3F5BB9C1-BC8C-F31D-DCAB-09CF0D91E7E3}.WORLDEDITOR|Win32.Build.0 = WORLDEDITOR|Win32
		{3F5BB9C1-BC8C-F31D-DCAB-09CF0D91E7E3}.WORLDEDITOR|x64.ActiveCfg = WORLDEDITOR|Win32
		{3F5BB9C1-BC8C-F31D-DCAB-09CF0D91E7E3}.WORLDEDITOR|x64.Build.0 = WORLDEDITOR|Win32
		{AD1D3CAB-30BD-4A24-888B-C53CCB7DAAC3}.BRZLIVE|Win32.ActiveCfg = Debug_UITool|Win32
		{AD1D3CAB-30BD-4A24-888B-C53CCB7DAAC3}.BRZLIVE|Win32.Build.0 = Debug_UITool|Win32
		{AD1D3CAB-30BD-4A24-888B-C53CCB7DAAC3}.BRZLIVE|x64.ActiveCfg = Debug_UITool|Win32
		{AD1D3CAB-30BD-4A24-888B-C53CCB7DAAC3}.BRZLIVE|x64.Build.0 = Debug_UITool|Win32
		{AD1D3CAB-30BD-4A24-888B-C53CCB7DAAC3}.Debug|Win32.ActiveCfg = Debug|Win32
		{AD1D3CAB-30BD-4A24-888B-C53CCB7DAAC3}.Debug|Win32.Build.0 = Debug|Win32
		{AD1D3CAB-30BD-4A24-888B-C53CCB7DAAC3}.Debug|x64.ActiveCfg = Debug|Win32
		{AD1D3CAB-30BD-4A24-888B-C53CCB7DAAC3}.Debug|x64.Build.0 = Debug|Win32
		{AD1D3CAB-30BD-4A24-888B-C53CCB7DAAC3}.DebugKalydo|Win32.ActiveCfg = Debug|Win32
		{AD1D3CAB-30BD-4A24-888B-C53CCB7DAAC3}.DebugKalydo|Win32.Build.0 = Debug|Win32
		{AD1D3CAB-30BD-4A24-888B-C53CCB7DAAC3}.DebugKalydo|x64.ActiveCfg = Debug|Win32
		{AD1D3CAB-30BD-4A24-888B-C53CCB7DAAC3}.DebugKalydo|x64.Build.0 = Debug|Win32
		{AD1D3CAB-30BD-4A24-888B-C53CCB7DAAC3}.DEVTEST|Win32.ActiveCfg = Release|Win32
		{AD1D3CAB-30BD-4A24-888B-C53CCB7DAAC3}.DEVTEST|Win32.Build.0 = Release|Win32
		{AD1D3CAB-30BD-4A24-888B-C53CCB7DAAC3}.DEVTEST|x64.ActiveCfg = Release|Win32
		{AD1D3CAB-30BD-4A24-888B-C53CCB7DAAC3}.DEVTEST|x64.Build.0 = Release|Win32
		{AD1D3CAB-30BD-4A24-888B-C53CCB7DAAC3}.GERLIVE|Win32.ActiveCfg = Debug|Win32
		{AD1D3CAB-30BD-4A24-888B-C53CCB7DAAC3}.GERLIVE|Win32.Build.0 = Debug|Win32
		{AD1D3CAB-30BD-4A24-888B-C53CCB7DAAC3}.GERLIVE|x64.ActiveCfg = Debug|Win32
		{AD1D3CAB-30BD-4A24-888B-C53CCB7DAAC3}.GERLIVE|x64.Build.0 = Debug|Win32
		{AD1D3CAB-30BD-4A24-888B-C53CCB7DAAC3}.GERLIVEKalydo|Win32.ActiveCfg = Debug|Win32
		{AD1D3CAB-30BD-4A24-888B-C53CCB7DAAC3}.GERLIVEKalydo|Win32.Build.0 = Debug|Win32
		{AD1D3CAB-30BD-4A24-888B-C53CCB7DAAC3}.GERLIVEKalydo|x64.ActiveCfg = Debug|Win32
		{AD1D3CAB-30BD-4A24-888B-C53CCB7DAAC3}.GERLIVEKalydo|x64.Build.0 = Debug|Win32
		{AD1D3CAB-30BD-4A24-888B-C53CCB7DAAC3}.KORTEST|Win32.ActiveCfg = Debug_UITool|Win32
		{AD1D3CAB-30BD-4A24-888B-C53CCB7DAAC3}.KORTEST|Win32.Build.0 = Debug_UITool|Win32
		{AD1D3CAB-30BD-4A24-888B-C53CCB7DAAC3}.KORTEST|x64.ActiveCfg = Debug_UITool|Win32
		{AD1D3CAB-30BD-4A24-888B-C53CCB7DAAC3}.KORTEST|x64.Build.0 = Debug_UITool|Win32
		{AD1D3CAB-30BD-4A24-888B-C53CCB7DAAC3}.MAXLIVE|Win32.ActiveCfg = Debug_UITool|Win32
		{AD1D3CAB-30BD-4A24-888B-C53CCB7DAAC3}.MAXLIVE|Win32.Build.0 = Debug_UITool|Win32
		{AD1D3CAB-30BD-4A24-888B-C53CCB7DAAC3}.MAXLIVE|x64.ActiveCfg = Debug_UITool|Win32
		{AD1D3CAB-30BD-4A24-888B-C53CCB7DAAC3}.MAXLIVE|x64.Build.0 = Debug_UITool|Win32
		{AD1D3CAB-30BD-4A24-888B-C53CCB7DAAC3}.ReleaseKalydo|Win32.ActiveCfg = Release|Win32
		{AD1D3CAB-30BD-4A24-888B-C53CCB7DAAC3}.ReleaseKalydo|Win32.Build.0 = Release|Win32
		{AD1D3CAB-30BD-4A24-888B-C53CCB7DAAC3}.ReleaseKalydo|x64.ActiveCfg = Release|Win32
		{AD1D3CAB-30BD-4A24-888B-C53CCB7DAAC3}.ReleaseKalydo|x64.Build.0 = Release|Win32
		{AD1D3CAB-30BD-4A24-888B-C53CCB7DAAC3}.RUSLIVE|Win32.ActiveCfg = Debug_UITool|Win32
		{AD1D3CAB-30BD-4A24-888B-C53CCB7DAAC3}.RUSLIVE|Win32.Build.0 = Debug_UITool|Win32
		{AD1D3CAB-30BD-4A24-888B-C53CCB7DAAC3}.RUSLIVE|x64.ActiveCfg = Debug_UITool|Win32
		{AD1D3CAB-30BD-4A24-888B-C53CCB7DAAC3}.RUSLIVE|x64.Build.0 = Debug_UITool|Win32
		{AD1D3CAB-30BD-4A24-888B-C53CCB7DAAC3}.Template|Win32.ActiveCfg = Debug|Win32
		{AD1D3CAB-30BD-4A24-888B-C53CCB7DAAC3}.Template|Win32.Build.0 = Debug|Win32
		{AD1D3CAB-30BD-4A24-888B-C53CCB7DAAC3}.Template|x64.ActiveCfg = Debug|Win32
		{AD1D3CAB-30BD-4A24-888B-C53CCB7DAAC3}.Template|x64.Build.0 = Debug|Win32
		{AD1D3CAB-30BD-4A24-888B-C53CCB7DAAC3}.THAILIVE|Win32.ActiveCfg = Debug_UITool|Win32
		{AD1D3CAB-30BD-4A24-888B-C53CCB7DAAC3}.THAILIVE|Win32.Build.0 = Debug_UITool|Win32
		{AD1D3CAB-30BD-4A24-888B-C53CCB7DAAC3}.THAILIVE|x64.ActiveCfg = Debug_UITool|Win32
		{AD1D3CAB-30BD-4A24-888B-C53CCB7DAAC3}.THAILIVE|x64.Build.0 = Debug_UITool|Win32
		{AD1D3CAB-30BD-4A24-888B-C53CCB7DAAC3}.UI TOOL|Win32.ActiveCfg = UI TOOL|Win32
		{AD1D3CAB-30BD-4A24-888B-C53CCB7DAAC3}.UI TOOL|Win32.Build.0 = UI TOOL|Win32
		{AD1D3CAB-30BD-4A24-888B-C53CCB7DAAC3}.UI TOOL|x64.ActiveCfg = Release|x64
		{AD1D3CAB-30BD-4A24-888B-C53CCB7DAAC3}.UI TOOL|x64.Build.0 = Release|x64
		{AD1D3CAB-30BD-4A24-888B-C53CCB7DAAC3}.USALIVE|Win32.ActiveCfg = Debug_UITool|Win32
		{AD1D3CAB-30BD-4A24-888B-C53CCB7DAAC3}.USALIVE|Win32.Build.0 = Debug_UITool|Win32
		{AD1D3CAB-30BD-4A24-888B-C53CCB7DAAC3}.USALIVE|x64.ActiveCfg = Release|x64
		{AD1D3CAB-30BD-4A24-888B-C53CCB7DAAC3}.WORLDEDITOR|Win32.ActiveCfg = Debug_UITool|Win32
		{AD1D3CAB-30BD-4A24-888B-C53CCB7DAAC3}.WORLDEDITOR|Win32.Build.0 = Debug_UITool|Win32
		{AD1D3CAB-30BD-4A24-888B-C53CCB7DAAC3}.WORLDEDITOR|x64.ActiveCfg = Debug_UITool|Win32
		{AD1D3CAB-30BD-4A24-888B-C53CCB7DAAC3}.WORLDEDITOR|x64.Build.0 = Debug_UITool|Win32
	EndGlobalSection
	GlobalSection(SolutionProperties) = preSolution
		HideSolutionNode = FALSE
	EndGlobalSection
	GlobalSection(ExtensibilityGlobals) = postSolution
		SolutionGuid = {A544DC37-77AC-43E1-BB42-7376E144C2F0}
	EndGlobalSection
EndGlobal
